
Microsoft Visual Studio Solution File, Format Version 12.00
# Visual Studio Version 17
VisualStudioVersion = 17.4.33110.190
MinimumVisualStudioVersion = 10.0.40219.1
Project("{9A19103F-16F7-4668-BE54-9A1E7A4F7556}") = "BusinessManagement", "BusinessManagement.csproj", "{9098B424-E5ED-42B0-BF02-56BCC63293EA}"
EndProject
Project("{FAE04EC0-301F-11D3-BF4B-00C04F79EFBC}") = "BusinessAPI", "..\BusinessAPI\BusinessAPI.csproj", "{CCDF05C1-729E-492B-A957-334208D610CB}"
EndProject
Global
	GlobalSection(SolutionConfigurationPlatforms) = preSolution
		Debug|Any CPU = Debug|Any CPU
		Release|Any CPU = Release|Any CPU
	EndGlobalSection
	GlobalSection(ProjectConfigurationPlatforms) = postSolution
		{9098B424-E5ED-42B0-BF02-56BCC63293EA}.Debug|Any CPU.ActiveCfg = Debug|Any CPU
		{9098B424-E5ED-42B0-BF02-56BCC63293EA}.Debug|Any CPU.Build.0 = Debug|Any CPU
		{9098B424-E5ED-42B0-BF02-56BCC63293EA}.Release|Any CPU.ActiveCfg = Release|Any CPU
		{9098B424-E5ED-42B0-BF02-56BCC63293EA}.Release|Any CPU.Build.0 = Release|Any CPU
		{CCDF05C1-729E-492B-A957-334208D610CB}.Debug|Any CPU.ActiveCfg = Debug|Any CPU
		{CCDF05C1-729E-492B-A957-334208D610CB}.Debug|Any CPU.Build.0 = Debug|Any CPU
		{CCDF05C1-729E-492B-A957-334208D610CB}.Release|Any CPU.ActiveCfg = Release|Any CPU
		{CCDF05C1-729E-492B-A957-334208D610CB}.Release|Any CPU.Build.0 = Release|Any CPU
	EndGlobalSection
	GlobalSection(SolutionProperties) = preSolution
		HideSolutionNode = FALSE
	EndGlobalSection
	GlobalSection(ExtensibilityGlobals) = postSolution
		SolutionGuid = {90DE6284-CA74-43CD-80A2-AFDC8397AA03}
	EndGlobalSection
EndGlobal
